// !$*UTF8*$!
{
	archiveVersion = 1;
	classes = {
	};
	objectVersion = 50;
	objects = {

/* Begin PBXBuildFile section */
		691D1AB9248BEAD100445C5B /* UIViewController+Extension.swift in Sources */ = {isa = PBXBuildFile; fileRef = 691D1AB8248BEAD100445C5B /* UIViewController+Extension.swift */; };
		6959D3C524836E440033B7FE /* AppDelegate.swift in Sources */ = {isa = PBXBuildFile; fileRef = 6959D3C424836E440033B7FE /* AppDelegate.swift */; };
		6959D3C724836E440033B7FE /* SceneDelegate.swift in Sources */ = {isa = PBXBuildFile; fileRef = 6959D3C624836E440033B7FE /* SceneDelegate.swift */; };
		6959D3C924836E440033B7FE /* LoginViewController.swift in Sources */ = {isa = PBXBuildFile; fileRef = 6959D3C824836E440033B7FE /* LoginViewController.swift */; };
		6959D3CC24836E440033B7FE /* Main.storyboard in Resources */ = {isa = PBXBuildFile; fileRef = 6959D3CA24836E440033B7FE /* Main.storyboard */; };
		6959D3CE24836E480033B7FE /* Assets.xcassets in Resources */ = {isa = PBXBuildFile; fileRef = 6959D3CD24836E480033B7FE /* Assets.xcassets */; };
		6959D3D124836E480033B7FE /* LaunchScreen.storyboard in Resources */ = {isa = PBXBuildFile; fileRef = 6959D3CF24836E480033B7FE /* LaunchScreen.storyboard */; };
		6959D3DD24837A4A0033B7FE /* UdacityClient.swift in Sources */ = {isa = PBXBuildFile; fileRef = 6959D3DC24837A4A0033B7FE /* UdacityClient.swift */; };
		6959D3E1248388150033B7FE /* LoginBodyRequest.swift in Sources */ = {isa = PBXBuildFile; fileRef = 6959D3E0248388150033B7FE /* LoginBodyRequest.swift */; };
		6959D3E42483888E0033B7FE /* Udacity.swift in Sources */ = {isa = PBXBuildFile; fileRef = 6959D3E32483888E0033B7FE /* Udacity.swift */; };
		6959D3E624838AF70033B7FE /* ErrorResponse.swift in Sources */ = {isa = PBXBuildFile; fileRef = 6959D3E524838AF70033B7FE /* ErrorResponse.swift */; };
		6959D3E824838BC90033B7FE /* LoginResponse.swift in Sources */ = {isa = PBXBuildFile; fileRef = 6959D3E724838BC90033B7FE /* LoginResponse.swift */; };
		6959D3EA248491E90033B7FE /* MapViewController.swift in Sources */ = {isa = PBXBuildFile; fileRef = 6959D3E9248491E90033B7FE /* MapViewController.swift */; };
		6959D3EC248492290033B7FE /* TableViewController.swift in Sources */ = {isa = PBXBuildFile; fileRef = 6959D3EB248492290033B7FE /* TableViewController.swift */; };
		6959D3EE2484A7EB0033B7FE /* GetStudentLocationResponse.swift in Sources */ = {isa = PBXBuildFile; fileRef = 6959D3ED2484A7EB0033B7FE /* GetStudentLocationResponse.swift */; };
		6959D3F0248651F50033B7FE /* TableViewCell.swift in Sources */ = {isa = PBXBuildFile; fileRef = 6959D3EF248651F50033B7FE /* TableViewCell.swift */; };
		6959D3F2248690A90033B7FE /* NavigationBarDelegate.swift in Sources */ = {isa = PBXBuildFile; fileRef = 6959D3F1248690A90033B7FE /* NavigationBarDelegate.swift */; };
		6959D3F424875B3E0033B7FE /* AddLocationViewController.swift in Sources */ = {isa = PBXBuildFile; fileRef = 6959D3F324875B3E0033B7FE /* AddLocationViewController.swift */; };
		6959D3F62487FAD20033B7FE /* ConfirmAddLocationViewController.swift in Sources */ = {isa = PBXBuildFile; fileRef = 6959D3F52487FAD20033B7FE /* ConfirmAddLocationViewController.swift */; };
		6959D3F8248A29DE0033B7FE /* PostStudentLocationResponse.swift in Sources */ = {isa = PBXBuildFile; fileRef = 6959D3F7248A29DE0033B7FE /* PostStudentLocationResponse.swift */; };
/* End PBXBuildFile section */

/* Begin PBXFileReference section */
		691D1AB8248BEAD100445C5B /* UIViewController+Extension.swift */ = {isa = PBXFileReference; lastKnownFileType = sourcecode.swift; path = "UIViewController+Extension.swift"; sourceTree = "<group>"; };
		6959D3C124836E440033B7FE /* onTheMap.app */ = {isa = PBXFileReference; explicitFileType = wrapper.application; includeInIndex = 0; path = onTheMap.app; sourceTree = BUILT_PRODUCTS_DIR; };
		6959D3C424836E440033B7FE /* AppDelegate.swift */ = {isa = PBXFileReference; lastKnownFileType = sourcecode.swift; path = AppDelegate.swift; sourceTree = "<group>"; };
		6959D3C624836E440033B7FE /* SceneDelegate.swift */ = {isa = PBXFileReference; lastKnownFileType = sourcecode.swift; path = SceneDelegate.swift; sourceTree = "<group>"; };
		6959D3C824836E440033B7FE /* LoginViewController.swift */ = {isa = PBXFileReference; lastKnownFileType = sourcecode.swift; path = LoginViewController.swift; sourceTree = "<group>"; };
		6959D3CB24836E440033B7FE /* Base */ = {isa = PBXFileReference; lastKnownFileType = file.storyboard; name = Base; path = Base.lproj/Main.storyboard; sourceTree = "<group>"; };
		6959D3CD24836E480033B7FE /* Assets.xcassets */ = {isa = PBXFileReference; lastKnownFileType = folder.assetcatalog; path = Assets.xcassets; sourceTree = "<group>"; };
		6959D3D024836E480033B7FE /* Base */ = {isa = PBXFileReference; lastKnownFileType = file.storyboard; name = Base; path = Base.lproj/LaunchScreen.storyboard; sourceTree = "<group>"; };
		6959D3D224836E480033B7FE /* Info.plist */ = {isa = PBXFileReference; lastKnownFileType = text.plist.xml; path = Info.plist; sourceTree = "<group>"; };
		6959D3DC24837A4A0033B7FE /* UdacityClient.swift */ = {isa = PBXFileReference; lastKnownFileType = sourcecode.swift; path = UdacityClient.swift; sourceTree = "<group>"; };
		6959D3E0248388150033B7FE /* LoginBodyRequest.swift */ = {isa = PBXFileReference; lastKnownFileType = sourcecode.swift; path = LoginBodyRequest.swift; sourceTree = "<group>"; };
		6959D3E32483888E0033B7FE /* Udacity.swift */ = {isa = PBXFileReference; lastKnownFileType = sourcecode.swift; path = Udacity.swift; sourceTree = "<group>"; };
		6959D3E524838AF70033B7FE /* ErrorResponse.swift */ = {isa = PBXFileReference; lastKnownFileType = sourcecode.swift; path = ErrorResponse.swift; sourceTree = "<group>"; };
		6959D3E724838BC90033B7FE /* LoginResponse.swift */ = {isa = PBXFileReference; lastKnownFileType = sourcecode.swift; path = LoginResponse.swift; sourceTree = "<group>"; };
		6959D3E9248491E90033B7FE /* MapViewController.swift */ = {isa = PBXFileReference; lastKnownFileType = sourcecode.swift; path = MapViewController.swift; sourceTree = "<group>"; };
		6959D3EB248492290033B7FE /* TableViewController.swift */ = {isa = PBXFileReference; lastKnownFileType = sourcecode.swift; path = TableViewController.swift; sourceTree = "<group>"; };
		6959D3ED2484A7EB0033B7FE /* GetStudentLocationResponse.swift */ = {isa = PBXFileReference; lastKnownFileType = sourcecode.swift; path = GetStudentLocationResponse.swift; sourceTree = "<group>"; };
		6959D3EF248651F50033B7FE /* TableViewCell.swift */ = {isa = PBXFileReference; lastKnownFileType = sourcecode.swift; path = TableViewCell.swift; sourceTree = "<group>"; };
		6959D3F1248690A90033B7FE /* NavigationBarDelegate.swift */ = {isa = PBXFileReference; lastKnownFileType = sourcecode.swift; path = NavigationBarDelegate.swift; sourceTree = "<group>"; };
		6959D3F324875B3E0033B7FE /* AddLocationViewController.swift */ = {isa = PBXFileReference; lastKnownFileType = sourcecode.swift; path = AddLocationViewController.swift; sourceTree = "<group>"; };
		6959D3F52487FAD20033B7FE /* ConfirmAddLocationViewController.swift */ = {isa = PBXFileReference; lastKnownFileType = sourcecode.swift; path = ConfirmAddLocationViewController.swift; sourceTree = "<group>"; };
		6959D3F7248A29DE0033B7FE /* PostStudentLocationResponse.swift */ = {isa = PBXFileReference; lastKnownFileType = sourcecode.swift; path = PostStudentLocationResponse.swift; sourceTree = "<group>"; };
/* End PBXFileReference section */

/* Begin PBXFrameworksBuildPhase section */
		6959D3BE24836E440033B7FE /* Frameworks */ = {
			isa = PBXFrameworksBuildPhase;
			buildActionMask = 2147483647;
			files = (
			);
			runOnlyForDeploymentPostprocessing = 0;
		};
/* End PBXFrameworksBuildPhase section */

/* Begin PBXGroup section */
		6959D3B824836E440033B7FE = {
			isa = PBXGroup;
			children = (
				6959D3C324836E440033B7FE /* onTheMap */,
				6959D3C224836E440033B7FE /* Products */,
			);
			sourceTree = "<group>";
		};
		6959D3C224836E440033B7FE /* Products */ = {
			isa = PBXGroup;
			children = (
				6959D3C124836E440033B7FE /* onTheMap.app */,
			);
			name = Products;
			sourceTree = "<group>";
		};
		6959D3C324836E440033B7FE /* onTheMap */ = {
			isa = PBXGroup;
			children = (
				6959D3DA248378B20033B7FE /* Controller */,
				6959D3D9248378AC0033B7FE /* View */,
				6959D3D8248378A00033B7FE /* Model */,
				6959D3D224836E480033B7FE /* Info.plist */,
			);
			path = onTheMap;
			sourceTree = "<group>";
		};
		6959D3D8248378A00033B7FE /* Model */ = {
			isa = PBXGroup;
			children = (
				6959D3E22483887D0033B7FE /* Data */,
				6959D3DF248387BD0033B7FE /* Udacity Responses */,
				6959D3DE248387A20033B7FE /* Udacity Requests */,
				6959D3DB24837A020033B7FE /* UdacityClient */,
			);
			path = Model;
			sourceTree = "<group>";
		};
		6959D3D9248378AC0033B7FE /* View */ = {
			isa = PBXGroup;
			children = (
				6959D3CA24836E440033B7FE /* Main.storyboard */,
				6959D3CD24836E480033B7FE /* Assets.xcassets */,
				6959D3CF24836E480033B7FE /* LaunchScreen.storyboard */,
			);
			path = View;
			sourceTree = "<group>";
		};
		6959D3DA248378B20033B7FE /* Controller */ = {
			isa = PBXGroup;
			children = (
				6959D3C424836E440033B7FE /* AppDelegate.swift */,
				6959D3C624836E440033B7FE /* SceneDelegate.swift */,
				691D1AB8248BEAD100445C5B /* UIViewController+Extension.swift */,
				6959D3F9248A59820033B7FE /* Login View */,
				6959D3FA248A59EE0033B7FE /* Map and Table Tabbed View */,
				6959D3FB248A5A080033B7FE /* Information Posting View */,
			);
			path = Controller;
			sourceTree = "<group>";
		};
		6959D3DB24837A020033B7FE /* UdacityClient */ = {
			isa = PBXGroup;
			children = (
				6959D3DC24837A4A0033B7FE /* UdacityClient.swift */,
			);
			path = UdacityClient;
			sourceTree = "<group>";
		};
		6959D3DE248387A20033B7FE /* Udacity Requests */ = {
			isa = PBXGroup;
			children = (
				6959D3E0248388150033B7FE /* LoginBodyRequest.swift */,
			);
			path = "Udacity Requests";
			sourceTree = "<group>";
		};
		6959D3DF248387BD0033B7FE /* Udacity Responses */ = {
			isa = PBXGroup;
			children = (
				6959D3E524838AF70033B7FE /* ErrorResponse.swift */,
				6959D3E724838BC90033B7FE /* LoginResponse.swift */,
				6959D3ED2484A7EB0033B7FE /* GetStudentLocationResponse.swift */,
				6959D3F7248A29DE0033B7FE /* PostStudentLocationResponse.swift */,
			);
			path = "Udacity Responses";
			sourceTree = "<group>";
		};
		6959D3E22483887D0033B7FE /* Data */ = {
			isa = PBXGroup;
			children = (
				6959D3E32483888E0033B7FE /* Udacity.swift */,
			);
			path = Data;
			sourceTree = "<group>";
		};
		6959D3F9248A59820033B7FE /* Login View */ = {
			isa = PBXGroup;
			children = (
				6959D3C824836E440033B7FE /* LoginViewController.swift */,
			);
			path = "Login View";
			sourceTree = "<group>";
		};
		6959D3FA248A59EE0033B7FE /* Map and Table Tabbed View */ = {
			isa = PBXGroup;
			children = (
				6959D3E9248491E90033B7FE /* MapViewController.swift */,
				6959D3EB248492290033B7FE /* TableViewController.swift */,
				6959D3EF248651F50033B7FE /* TableViewCell.swift */,
			);
			path = "Map and Table Tabbed View";
			sourceTree = "<group>";
		};
		6959D3FB248A5A080033B7FE /* Information Posting View */ = {
			isa = PBXGroup;
			children = (
				6959D3F1248690A90033B7FE /* NavigationBarDelegate.swift */,
				6959D3F324875B3E0033B7FE /* AddLocationViewController.swift */,
				6959D3F52487FAD20033B7FE /* ConfirmAddLocationViewController.swift */,
			);
			path = "Information Posting View";
			sourceTree = "<group>";
		};
/* End PBXGroup section */

/* Begin PBXNativeTarget section */
		6959D3C024836E440033B7FE /* onTheMap */ = {
			isa = PBXNativeTarget;
			buildConfigurationList = 6959D3D524836E480033B7FE /* Build configuration list for PBXNativeTarget "onTheMap" */;
			buildPhases = (
				6959D3BD24836E440033B7FE /* Sources */,
				6959D3BE24836E440033B7FE /* Frameworks */,
				6959D3BF24836E440033B7FE /* Resources */,
			);
			buildRules = (
			);
			dependencies = (
			);
			name = onTheMap;
			productName = onTheMap;
			productReference = 6959D3C124836E440033B7FE /* onTheMap.app */;
			productType = "com.apple.product-type.application";
		};
/* End PBXNativeTarget section */

/* Begin PBXProject section */
		6959D3B924836E440033B7FE /* Project object */ = {
			isa = PBXProject;
			attributes = {
				LastSwiftUpdateCheck = 1140;
				LastUpgradeCheck = 1140;
				ORGANIZATIONNAME = "Emad Albarnawi";
				TargetAttributes = {
					6959D3C024836E440033B7FE = {
						CreatedOnToolsVersion = 11.4.1;
					};
				};
			};
			buildConfigurationList = 6959D3BC24836E440033B7FE /* Build configuration list for PBXProject "onTheMap" */;
			compatibilityVersion = "Xcode 9.3";
			developmentRegion = en;
			hasScannedForEncodings = 0;
			knownRegions = (
				en,
				Base,
			);
			mainGroup = 6959D3B824836E440033B7FE;
			productRefGroup = 6959D3C224836E440033B7FE /* Products */;
			projectDirPath = "";
			projectRoot = "";
			targets = (
				6959D3C024836E440033B7FE /* onTheMap */,
			);
		};
/* End PBXProject section */

/* Begin PBXResourcesBuildPhase section */
		6959D3BF24836E440033B7FE /* Resources */ = {
			isa = PBXResourcesBuildPhase;
			buildActionMask = 2147483647;
			files = (
				6959D3D124836E480033B7FE /* LaunchScreen.storyboard in Resources */,
				6959D3CE24836E480033B7FE /* Assets.xcassets in Resources */,
				6959D3CC24836E440033B7FE /* Main.storyboard in Resources */,
			);
			runOnlyForDeploymentPostprocessing = 0;
		};
/* End PBXResourcesBuildPhase section */

/* Begin PBXSourcesBuildPhase section */
		6959D3BD24836E440033B7FE /* Sources */ = {
			isa = PBXSourcesBuildPhase;
			buildActionMask = 2147483647;
			files = (
				6959D3E1248388150033B7FE /* LoginBodyRequest.swift in Sources */,
				6959D3DD24837A4A0033B7FE /* UdacityClient.swift in Sources */,
				6959D3C924836E440033B7FE /* LoginViewController.swift in Sources */,
				6959D3F8248A29DE0033B7FE /* PostStudentLocationResponse.swift in Sources */,
				691D1AB9248BEAD100445C5B /* UIViewController+Extension.swift in Sources */,
				6959D3F424875B3E0033B7FE /* AddLocationViewController.swift in Sources */,
				6959D3C524836E440033B7FE /* AppDelegate.swift in Sources */,
				6959D3C724836E440033B7FE /* SceneDelegate.swift in Sources */,
				6959D3F2248690A90033B7FE /* NavigationBarDelegate.swift in Sources */,
				6959D3E42483888E0033B7FE /* Udacity.swift in Sources */,
				6959D3EA248491E90033B7FE /* MapViewController.swift in Sources */,
				6959D3EE2484A7EB0033B7FE /* GetStudentLocationResponse.swift in Sources */,
				6959D3E824838BC90033B7FE /* LoginResponse.swift in Sources */,
				6959D3F62487FAD20033B7FE /* ConfirmAddLocationViewController.swift in Sources */,
				6959D3F0248651F50033B7FE /* TableViewCell.swift in Sources */,
				6959D3EC248492290033B7FE /* TableViewController.swift in Sources */,
				6959D3E624838AF70033B7FE /* ErrorResponse.swift in Sources */,
			);
			runOnlyForDeploymentPostprocessing = 0;
		};
/* End PBXSourcesBuildPhase section */

/* Begin PBXVariantGroup section */
		6959D3CA24836E440033B7FE /* Main.storyboard */ = {
			isa = PBXVariantGroup;
			children = (
				6959D3CB24836E440033B7FE /* Base */,
			);
			name = Main.storyboard;
			sourceTree = "<group>";
		};
		6959D3CF24836E480033B7FE /* LaunchScreen.storyboard */ = {
			isa = PBXVariantGroup;
			children = (
				6959D3D024836E480033B7FE /* Base */,
			);
			name = LaunchScreen.storyboard;
			sourceTree = "<group>";
		};
/* End PBXVariantGroup section */

/* Begin XCBuildConfiguration section */
		6959D3D324836E480033B7FE /* Debug */ = {
			isa = XCBuildConfiguration;
			buildSettings = {
				ALWAYS_SEARCH_USER_PATHS = NO;
				CLANG_ANALYZER_NONNULL = YES;
				CLANG_ANALYZER_NUMBER_OBJECT_CONVERSION = YES_AGGRESSIVE;
				CLANG_CXX_LANGUAGE_STANDARD = "gnu++14";
				CLANG_CXX_LIBRARY = "libc++";
				CLANG_ENABLE_MODULES = YES;
				CLANG_ENABLE_OBJC_ARC = YES;
				CLANG_ENABLE_OBJC_WEAK = YES;
				CLANG_WARN_BLOCK_CAPTURE_AUTORELEASING = YES;
				CLANG_WARN_BOOL_CONVERSION = YES;
				CLANG_WARN_COMMA = YES;
				CLANG_WARN_CONSTANT_CONVERSION = YES;
				CLANG_WARN_DEPRECATED_OBJC_IMPLEMENTATIONS = YES;
				CLANG_WARN_DIRECT_OBJC_ISA_USAGE = YES_ERROR;
				CLANG_WARN_DOCUMENTATION_COMMENTS = YES;
				CLANG_WARN_EMPTY_BODY = YES;
				CLANG_WARN_ENUM_CONVERSION = YES;
				CLANG_WARN_INFINITE_RECURSION = YES;
				CLANG_WARN_INT_CONVERSION = YES;
				CLANG_WARN_NON_LITERAL_NULL_CONVERSION = YES;
				CLANG_WARN_OBJC_IMPLICIT_RETAIN_SELF = YES;
				CLANG_WARN_OBJC_LITERAL_CONVERSION = YES;
				CLANG_WARN_OBJC_ROOT_CLASS = YES_ERROR;
				CLANG_WARN_RANGE_LOOP_ANALYSIS = YES;
				CLANG_WARN_STRICT_PROTOTYPES = YES;
				CLANG_WARN_SUSPICIOUS_MOVE = YES;
				CLANG_WARN_UNGUARDED_AVAILABILITY = YES_AGGRESSIVE;
				CLANG_WARN_UNREACHABLE_CODE = YES;
				CLANG_WARN__DUPLICATE_METHOD_MATCH = YES;
				COPY_PHASE_STRIP = NO;
				DEBUG_INFORMATION_FORMAT = dwarf;
				ENABLE_STRICT_OBJC_MSGSEND = YES;
				ENABLE_TESTABILITY = YES;
				GCC_C_LANGUAGE_STANDARD = gnu11;
				GCC_DYNAMIC_NO_PIC = NO;
				GCC_NO_COMMON_BLOCKS = YES;
				GCC_OPTIMIZATION_LEVEL = 0;
				GCC_PREPROCESSOR_DEFINITIONS = (
					"DEBUG=1",
					"$(inherited)",
				);
				GCC_WARN_64_TO_32_BIT_CONVERSION = YES;
				GCC_WARN_ABOUT_RETURN_TYPE = YES_ERROR;
				GCC_WARN_UNDECLARED_SELECTOR = YES;
				GCC_WARN_UNINITIALIZED_AUTOS = YES_AGGRESSIVE;
				GCC_WARN_UNUSED_FUNCTION = YES;
				GCC_WARN_UNUSED_VARIABLE = YES;
				IPHONEOS_DEPLOYMENT_TARGET = 13.4;
				MTL_ENABLE_DEBUG_INFO = INCLUDE_SOURCE;
				MTL_FAST_MATH = YES;
				ONLY_ACTIVE_ARCH = YES;
				SDKROOT = iphoneos;
				SWIFT_ACTIVE_COMPILATION_CONDITIONS = DEBUG;
				SWIFT_OPTIMIZATION_LEVEL = "-Onone";
			};
			name = Debug;
		};
		6959D3D424836E480033B7FE /* Release */ = {
			isa = XCBuildConfiguration;
			buildSettings = {
				ALWAYS_SEARCH_USER_PATHS = NO;
				CLANG_ANALYZER_NONNULL = YES;
				CLANG_ANALYZER_NUMBER_OBJECT_CONVERSION = YES_AGGRESSIVE;
				CLANG_CXX_LANGUAGE_STANDARD = "gnu++14";
				CLANG_CXX_LIBRARY = "libc++";
				CLANG_ENABLE_MODULES = YES;
				CLANG_ENABLE_OBJC_ARC = YES;
				CLANG_ENABLE_OBJC_WEAK = YES;
				CLANG_WARN_BLOCK_CAPTURE_AUTORELEASING = YES;
				CLANG_WARN_BOOL_CONVERSION = YES;
				CLANG_WARN_COMMA = YES;
				CLANG_WARN_CONSTANT_CONVERSION = YES;
				CLANG_WARN_DEPRECATED_OBJC_IMPLEMENTATIONS = YES;
				CLANG_WARN_DIRECT_OBJC_ISA_USAGE = YES_ERROR;
				CLANG_WARN_DOCUMENTATION_COMMENTS = YES;
				CLANG_WARN_EMPTY_BODY = YES;
				CLANG_WARN_ENUM_CONVERSION = YES;
				CLANG_WARN_INFINITE_RECURSION = YES;
				CLANG_WARN_INT_CONVERSION = YES;
				CLANG_WARN_NON_LITERAL_NULL_CONVERSION = YES;
				CLANG_WARN_OBJC_IMPLICIT_RETAIN_SELF = YES;
				CLANG_WARN_OBJC_LITERAL_CONVERSION = YES;
				CLANG_WARN_OBJC_ROOT_CLASS = YES_ERROR;
				CLANG_WARN_RANGE_LOOP_ANALYSIS = YES;
				CLANG_WARN_STRICT_PROTOTYPES = YES;
				CLANG_WARN_SUSPICIOUS_MOVE = YES;
				CLANG_WARN_UNGUARDED_AVAILABILITY = YES_AGGRESSIVE;
				CLANG_WARN_UNREACHABLE_CODE = YES;
				CLANG_WARN__DUPLICATE_METHOD_MATCH = YES;
				COPY_PHASE_STRIP = NO;
				DEBUG_INFORMATION_FORMAT = "dwarf-with-dsym";
				ENABLE_NS_ASSERTIONS = NO;
				ENABLE_STRICT_OBJC_MSGSEND = YES;
				GCC_C_LANGUAGE_STANDARD = gnu11;
				GCC_NO_COMMON_BLOCKS = YES;
				GCC_WARN_64_TO_32_BIT_CONVERSION = YES;
				GCC_WARN_ABOUT_RETURN_TYPE = YES_ERROR;
				GCC_WARN_UNDECLARED_SELECTOR = YES;
				GCC_WARN_UNINITIALIZED_AUTOS = YES_AGGRESSIVE;
				GCC_WARN_UNUSED_FUNCTION = YES;
				GCC_WARN_UNUSED_VARIABLE = YES;
				IPHONEOS_DEPLOYMENT_TARGET = 13.4;
				MTL_ENABLE_DEBUG_INFO = NO;
				MTL_FAST_MATH = YES;
				SDKROOT = iphoneos;
				SWIFT_COMPILATION_MODE = wholemodule;
				SWIFT_OPTIMIZATION_LEVEL = "-O";
				VALIDATE_PRODUCT = YES;
			};
			name = Release;
		};
		6959D3D624836E480033B7FE /* Debug */ = {
			isa = XCBuildConfiguration;
			buildSettings = {
				ASSETCATALOG_COMPILER_APPICON_NAME = AppIcon;
				CODE_SIGN_STYLE = Automatic;
				DEVELOPMENT_TEAM = FQ363JP6R5;
				INFOPLIST_FILE = onTheMap/Info.plist;
				LD_RUNPATH_SEARCH_PATHS = (
					"$(inherited)",
					"@executable_path/Frameworks",
				);
				PRODUCT_BUNDLE_IDENTIFIER = com.emadalbarnawi.onTheMap;
				PRODUCT_NAME = "$(TARGET_NAME)";
				SWIFT_VERSION = 5.0;
				TARGETED_DEVICE_FAMILY = "1,2";
			};
			name = Debug;
		};
		6959D3D724836E480033B7FE /* Release */ = {
			isa = XCBuildConfiguration;
			buildSettings = {
				ASSETCATALOG_COMPILER_APPICON_NAME = AppIcon;
				CODE_SIGN_STYLE = Automatic;
				DEVELOPMENT_TEAM = FQ363JP6R5;
				INFOPLIST_FILE = onTheMap/Info.plist;
				LD_RUNPATH_SEARCH_PATHS = (
					"$(inherited)",
					"@executable_path/Frameworks",
				);
				PRODUCT_BUNDLE_IDENTIFIER = com.emadalbarnawi.onTheMap;
				PRODUCT_NAME = "$(TARGET_NAME)";
				SWIFT_VERSION = 5.0;
				TARGETED_DEVICE_FAMILY = "1,2";
			};
			name = Release;
		};
/* End XCBuildConfiguration section */

/* Begin XCConfigurationList section */
		6959D3BC24836E440033B7FE /* Build configuration list for PBXProject "onTheMap" */ = {
			isa = XCConfigurationList;
			buildConfigurations = (
				6959D3D324836E480033B7FE /* Debug */,
				6959D3D424836E480033B7FE /* Release */,
			);
			defaultConfigurationIsVisible = 0;
			defaultConfigurationName = Release;
		};
		6959D3D524836E480033B7FE /* Build configuration list for PBXNativeTarget "onTheMap" */ = {
			isa = XCConfigurationList;
			buildConfigurations = (
				6959D3D624836E480033B7FE /* Debug */,
				6959D3D724836E480033B7FE /* Release */,
			);
			defaultConfigurationIsVisible = 0;
			defaultConfigurationName = Release;
		};
/* End XCConfigurationList section */
	};
	rootObject = 6959D3B924836E440033B7FE /* Project object */;
}
